<?xml version="1.0" encoding="UTF-8" standalone="yes" ?>
<CodeBlocks_project_file>
   <FileVersion major="1" minor="6" />
   <Project>
      <Option title="whelicity" />
      <Option makefile_is_custom="1" />
      <Option compiler="gcc" />
      <Option virtualFolders="CMake Files\;" />
      <Build>
      <Target title="all">
         <Option working_dir="/cmsdata3/kaveh/AnalysisReproduction/CMSSW_8_0_26_patch2/src/whelicity1/MiniAnalyzer/plugins" />
         <Option type="4" />
         <MakeCommands>
            <Build command="/cvmfs/cms.cern.ch/slc6_amd64_gcc530/cms/cmssw-patch/CMSSW_8_0_26_patch2/external/slc6_amd64_gcc530/bin/gmake -f &quot;/cmsdata3/kaveh/AnalysisReproduction/CMSSW_8_0_26_patch2/src/whelicity1/MiniAnalyzer/plugins/Makefile&quot;  VERBOSE=1 all" />
            <CompileFile command="/cvmfs/cms.cern.ch/slc6_amd64_gcc530/cms/cmssw-patch/CMSSW_8_0_26_patch2/external/slc6_amd64_gcc530/bin/gmake -f &quot;/cmsdata3/kaveh/AnalysisReproduction/CMSSW_8_0_26_patch2/src/whelicity1/MiniAnalyzer/plugins/Makefile&quot;  VERBOSE=1 &quot;$file&quot;" />
            <Clean command="/cvmfs/cms.cern.ch/slc6_amd64_gcc530/cms/cmssw-patch/CMSSW_8_0_26_patch2/external/slc6_amd64_gcc530/bin/gmake -f &quot;/cmsdata3/kaveh/AnalysisReproduction/CMSSW_8_0_26_patch2/src/whelicity1/MiniAnalyzer/plugins/Makefile&quot;  VERBOSE=1 clean" />
            <DistClean command="/cvmfs/cms.cern.ch/slc6_amd64_gcc530/cms/cmssw-patch/CMSSW_8_0_26_patch2/external/slc6_amd64_gcc530/bin/gmake -f &quot;/cmsdata3/kaveh/AnalysisReproduction/CMSSW_8_0_26_patch2/src/whelicity1/MiniAnalyzer/plugins/Makefile&quot;  VERBOSE=1 clean" />
         </MakeCommands>
      </Target>
      <Target title="my">
         <Option output="/cmsdata3/kaveh/AnalysisReproduction/CMSSW_8_0_26_patch2/src/whelicity1/MiniAnalyzer/plugins/libmy.a" prefix_auto="0" extension_auto="0" />
         <Option working_dir="/cmsdata3/kaveh/AnalysisReproduction/CMSSW_8_0_26_patch2/src/whelicity1/MiniAnalyzer/plugins" />
         <Option object_output="./" />
         <Option type="2" />
         <Option compiler="gcc" />
         <Compiler>
            <Add directory="/cmsdata3/kaveh/scratch/lhapdf-5.8.9/../local/include" />
            <Add directory="/cmsdata3/kaveh/workarea/cmssw" />
            <Add directory="/opt/root-6.06.08/include" />
         </Compiler>
         <MakeCommands>
            <Build command="/cvmfs/cms.cern.ch/slc6_amd64_gcc530/cms/cmssw-patch/CMSSW_8_0_26_patch2/external/slc6_amd64_gcc530/bin/gmake -f &quot;/cmsdata3/kaveh/AnalysisReproduction/CMSSW_8_0_26_patch2/src/whelicity1/MiniAnalyzer/plugins/Makefile&quot;  VERBOSE=1 my" />
            <CompileFile command="/cvmfs/cms.cern.ch/slc6_amd64_gcc530/cms/cmssw-patch/CMSSW_8_0_26_patch2/external/slc6_amd64_gcc530/bin/gmake -f &quot;/cmsdata3/kaveh/AnalysisReproduction/CMSSW_8_0_26_patch2/src/whelicity1/MiniAnalyzer/plugins/Makefile&quot;  VERBOSE=1 &quot;$file&quot;" />
            <Clean command="/cvmfs/cms.cern.ch/slc6_amd64_gcc530/cms/cmssw-patch/CMSSW_8_0_26_patch2/external/slc6_amd64_gcc530/bin/gmake -f &quot;/cmsdata3/kaveh/AnalysisReproduction/CMSSW_8_0_26_patch2/src/whelicity1/MiniAnalyzer/plugins/Makefile&quot;  VERBOSE=1 clean" />
            <DistClean command="/cvmfs/cms.cern.ch/slc6_amd64_gcc530/cms/cmssw-patch/CMSSW_8_0_26_patch2/external/slc6_amd64_gcc530/bin/gmake -f &quot;/cmsdata3/kaveh/AnalysisReproduction/CMSSW_8_0_26_patch2/src/whelicity1/MiniAnalyzer/plugins/Makefile&quot;  VERBOSE=1 clean" />
         </MakeCommands>
      </Target>
      <Target title="my/fast">
         <Option output="/cmsdata3/kaveh/AnalysisReproduction/CMSSW_8_0_26_patch2/src/whelicity1/MiniAnalyzer/plugins/libmy.a" prefix_auto="0" extension_auto="0" />
         <Option working_dir="/cmsdata3/kaveh/AnalysisReproduction/CMSSW_8_0_26_patch2/src/whelicity1/MiniAnalyzer/plugins" />
         <Option object_output="./" />
         <Option type="2" />
         <Option compiler="gcc" />
         <Compiler>
            <Add directory="/cmsdata3/kaveh/scratch/lhapdf-5.8.9/../local/include" />
            <Add directory="/cmsdata3/kaveh/workarea/cmssw" />
            <Add directory="/opt/root-6.06.08/include" />
         </Compiler>
         <MakeCommands>
            <Build command="/cvmfs/cms.cern.ch/slc6_amd64_gcc530/cms/cmssw-patch/CMSSW_8_0_26_patch2/external/slc6_amd64_gcc530/bin/gmake -f &quot;/cmsdata3/kaveh/AnalysisReproduction/CMSSW_8_0_26_patch2/src/whelicity1/MiniAnalyzer/plugins/Makefile&quot;  VERBOSE=1 my/fast" />
            <CompileFile command="/cvmfs/cms.cern.ch/slc6_amd64_gcc530/cms/cmssw-patch/CMSSW_8_0_26_patch2/external/slc6_amd64_gcc530/bin/gmake -f &quot;/cmsdata3/kaveh/AnalysisReproduction/CMSSW_8_0_26_patch2/src/whelicity1/MiniAnalyzer/plugins/Makefile&quot;  VERBOSE=1 &quot;$file&quot;" />
            <Clean command="/cvmfs/cms.cern.ch/slc6_amd64_gcc530/cms/cmssw-patch/CMSSW_8_0_26_patch2/external/slc6_amd64_gcc530/bin/gmake -f &quot;/cmsdata3/kaveh/AnalysisReproduction/CMSSW_8_0_26_patch2/src/whelicity1/MiniAnalyzer/plugins/Makefile&quot;  VERBOSE=1 clean" />
            <DistClean command="/cvmfs/cms.cern.ch/slc6_amd64_gcc530/cms/cmssw-patch/CMSSW_8_0_26_patch2/external/slc6_amd64_gcc530/bin/gmake -f &quot;/cmsdata3/kaveh/AnalysisReproduction/CMSSW_8_0_26_patch2/src/whelicity1/MiniAnalyzer/plugins/Makefile&quot;  VERBOSE=1 clean" />
         </MakeCommands>
      </Target>
      <Target title="rebuild_cache">
         <Option working_dir="/cmsdata3/kaveh/AnalysisReproduction/CMSSW_8_0_26_patch2/src/whelicity1/MiniAnalyzer/plugins" />
         <Option type="4" />
         <MakeCommands>
            <Build command="/cvmfs/cms.cern.ch/slc6_amd64_gcc530/cms/cmssw-patch/CMSSW_8_0_26_patch2/external/slc6_amd64_gcc530/bin/gmake -f &quot;/cmsdata3/kaveh/AnalysisReproduction/CMSSW_8_0_26_patch2/src/whelicity1/MiniAnalyzer/plugins/Makefile&quot;  VERBOSE=1 rebuild_cache" />
            <CompileFile command="/cvmfs/cms.cern.ch/slc6_amd64_gcc530/cms/cmssw-patch/CMSSW_8_0_26_patch2/external/slc6_amd64_gcc530/bin/gmake -f &quot;/cmsdata3/kaveh/AnalysisReproduction/CMSSW_8_0_26_patch2/src/whelicity1/MiniAnalyzer/plugins/Makefile&quot;  VERBOSE=1 &quot;$file&quot;" />
            <Clean command="/cvmfs/cms.cern.ch/slc6_amd64_gcc530/cms/cmssw-patch/CMSSW_8_0_26_patch2/external/slc6_amd64_gcc530/bin/gmake -f &quot;/cmsdata3/kaveh/AnalysisReproduction/CMSSW_8_0_26_patch2/src/whelicity1/MiniAnalyzer/plugins/Makefile&quot;  VERBOSE=1 clean" />
            <DistClean command="/cvmfs/cms.cern.ch/slc6_amd64_gcc530/cms/cmssw-patch/CMSSW_8_0_26_patch2/external/slc6_amd64_gcc530/bin/gmake -f &quot;/cmsdata3/kaveh/AnalysisReproduction/CMSSW_8_0_26_patch2/src/whelicity1/MiniAnalyzer/plugins/Makefile&quot;  VERBOSE=1 clean" />
         </MakeCommands>
      </Target>
      </Build>
      <Unit filename="/cmsdata3/kaveh/AnalysisReproduction/CMSSW_8_0_26_patch2/src/whelicity1/MiniAnalyzer/plugins/MSETools.cc">
      </Unit>
      <Unit filename="/cmsdata3/kaveh/AnalysisReproduction/CMSSW_8_0_26_patch2/src/whelicity1/MiniAnalyzer/plugins/MiniAnalyzer.cc">
      </Unit>
      <Unit filename="/cmsdata3/kaveh/AnalysisReproduction/CMSSW_8_0_26_patch2/src/whelicity1/MiniAnalyzer/plugins/ttamwtsolver.cpp">
      </Unit>
      <Unit filename="/cmsdata3/kaveh/AnalysisReproduction/CMSSW_8_0_26_patch2/src/whelicity1/MiniAnalyzer/plugins/MSETools.h">
      </Unit>
      <Unit filename="/cmsdata3/kaveh/AnalysisReproduction/CMSSW_8_0_26_patch2/src/whelicity1/MiniAnalyzer/plugins/MiniAnalyzer.h">
      </Unit>
      <Unit filename="/cmsdata3/kaveh/AnalysisReproduction/CMSSW_8_0_26_patch2/src/whelicity1/MiniAnalyzer/plugins/ttamwtsolver.h">
      </Unit>
      <Unit filename="/cmsdata3/kaveh/AnalysisReproduction/CMSSW_8_0_26_patch2/src/whelicity1/MiniAnalyzer/plugins/CMakeLists.txt">
          <Option virtualFolder="CMake Files\" />
      </Unit>
   </Project>
</CodeBlocks_project_file>
